{
  "version": 4,
  "terraform_version": "1.12.2",
  "serial": 3,
  "lineage": "30302b60-d72d-ddca-41b1-e97a81ef654a",
  "outputs": {},
  "resources": [
    {
      "module": "module.vpc",
      "mode": "managed",
      "type": "aws_vpc",
      "name": "eComm_VPC",
      "provider": "provider[\"registry.terraform.io/hashicorp/aws\"]",
      "instances": [
        {
          "schema_version": 1,
          "attributes": {
            "arn": "arn:aws:ec2:ap-south-1:008319781291:vpc/vpc-004d326570aad9d4c",
            "assign_generated_ipv6_cidr_block": false,
            "cidr_block": "10.0.0.0/16",
            "default_network_acl_id": "acl-0a100c67fe61d5be8",
            "default_route_table_id": "rtb-0faed6b52b13ad4ee",
            "default_security_group_id": "sg-0d46c2e8c6899e861",
            "dhcp_options_id": "dopt-02268b1e05235d696",
            "enable_dns_hostnames": true,
            "enable_dns_support": true,
            "enable_network_address_usage_metrics": false,
            "id": "vpc-004d326570aad9d4c",
            "instance_tenancy": "default",
            "ipv4_ipam_pool_id": null,
            "ipv4_netmask_length": null,
            "ipv6_association_id": "",
            "ipv6_cidr_block": "",
            "ipv6_cidr_block_network_border_group": "",
            "ipv6_ipam_pool_id": "",
            "ipv6_netmask_length": 0,
            "main_route_table_id": "rtb-0faed6b52b13ad4ee",
            "owner_id": "008319781291",
            "region": "ap-south-1",
            "tags": {
              "Name": "eComm-vpc"
            },
            "tags_all": {
              "Name": "eComm-vpc"
            }
          },
          "sensitive_attributes": [],
          "identity_schema_version": 0,
          "private": "eyJzY2hlbWFfdmVyc2lvbiI6IjEifQ=="
        }
      ]
    }
  ],
  "check_results": null
}
